
Microsoft Visual Studio Solution File, Format Version 12.00
# Visual Studio Version 17
VisualStudioVersion = 17.6.33829.357
MinimumVisualStudioVersion = 10.0.40219.1
Project("{FAE04EC0-301F-11D3-BF4B-00C04F79EFBC}") = "Server", "Server\Server.csproj", "{DE496484-D27A-49A4-AF83-5D8DDCF0A963}"
EndProject
Project("{FAE04EC0-301F-11D3-BF4B-00C04F79EFBC}") = "WarehouseManagerClient", "WarehouseManagerClient\WarehouseManagerClient.csproj", "{9B03E924-4005-498B-86C2-8E94CF3D8ACC}"
EndProject
Project("{FAE04EC0-301F-11D3-BF4B-00C04F79EFBC}") = "DataModel", "DataModel\DataModel.csproj", "{C3059A1D-6299-4B19-8B66-57FF90AB74E8}"
EndProject
Project("{FAE04EC0-301F-11D3-BF4B-00C04F79EFBC}") = "HttpApiClient", "APIClient\HttpApiClient.csproj", "{D004AB06-FDD0-4F00-A984-FD38CCC2B9F8}"
EndProject
Global
	GlobalSection(SolutionConfigurationPlatforms) = preSolution
		Debug|Any CPU = Debug|Any CPU
		Release|Any CPU = Release|Any CPU
	EndGlobalSection
	GlobalSection(ProjectConfigurationPlatforms) = postSolution
		{DE496484-D27A-49A4-AF83-5D8DDCF0A963}.Debug|Any CPU.ActiveCfg = Debug|Any CPU
		{DE496484-D27A-49A4-AF83-5D8DDCF0A963}.Debug|Any CPU.Build.0 = Debug|Any CPU
		{DE496484-D27A-49A4-AF83-5D8DDCF0A963}.Release|Any CPU.ActiveCfg = Release|Any CPU
		{DE496484-D27A-49A4-AF83-5D8DDCF0A963}.Release|Any CPU.Build.0 = Release|Any CPU
		{9B03E924-4005-498B-86C2-8E94CF3D8ACC}.Debug|Any CPU.ActiveCfg = Debug|Any CPU
		{9B03E924-4005-498B-86C2-8E94CF3D8ACC}.Debug|Any CPU.Build.0 = Debug|Any CPU
		{9B03E924-4005-498B-86C2-8E94CF3D8ACC}.Release|Any CPU.ActiveCfg = Release|Any CPU
		{9B03E924-4005-498B-86C2-8E94CF3D8ACC}.Release|Any CPU.Build.0 = Release|Any CPU
		{C3059A1D-6299-4B19-8B66-57FF90AB74E8}.Debug|Any CPU.ActiveCfg = Debug|Any CPU
		{C3059A1D-6299-4B19-8B66-57FF90AB74E8}.Debug|Any CPU.Build.0 = Debug|Any CPU
		{C3059A1D-6299-4B19-8B66-57FF90AB74E8}.Release|Any CPU.ActiveCfg = Release|Any CPU
		{C3059A1D-6299-4B19-8B66-57FF90AB74E8}.Release|Any CPU.Build.0 = Release|Any CPU
		{D004AB06-FDD0-4F00-A984-FD38CCC2B9F8}.Debug|Any CPU.ActiveCfg = Debug|Any CPU
		{D004AB06-FDD0-4F00-A984-FD38CCC2B9F8}.Debug|Any CPU.Build.0 = Debug|Any CPU
		{D004AB06-FDD0-4F00-A984-FD38CCC2B9F8}.Release|Any CPU.ActiveCfg = Release|Any CPU
		{D004AB06-FDD0-4F00-A984-FD38CCC2B9F8}.Release|Any CPU.Build.0 = Release|Any CPU
	EndGlobalSection
	GlobalSection(SolutionProperties) = preSolution
		HideSolutionNode = FALSE
	EndGlobalSection
	GlobalSection(ExtensibilityGlobals) = postSolution
		SolutionGuid = {CE100FDF-F117-48B0-B841-21B28BD3873C}
	EndGlobalSection
EndGlobal
